PODS:
  - NLCoreData (0.4.15)
  - NSData+Base64 (1.0.0)
  - SVProgressHUD (0.9)
  - xmlrpc (2.3.3):
    - NSData+Base64 (~> 1.0.0)

DEPENDENCIES:
  - NLCoreData
  - SVProgressHUD
  - xmlrpc

SPEC CHECKSUMS:
  NLCoreData: d8cbf1f8a71218c1907289d26717b7dd4d685b28
  NSData+Base64: 36c4e5b6479259c1a68866ccd2a8dd385c9744f7
  SVProgressHUD: 03d4845ec8e64591726428a08236c6a5489d45f8
  xmlrpc: 9ebaa6298ce90ff0c3c30404681f2030bdde54db

COCOAPODS: 0.20.2
